// !$*UTF8*$!
{
	archiveVersion = 1;
	classes = {
	};
	objectVersion = 48;
	objects = {

/* Begin PBXBuildFile section */
		56196CEA1FC9970800D36A00 /* CustomTabBarController.swift in Sources */ = {isa = PBXBuildFile; fileRef = 56196CE91FC9970800D36A00 /* CustomTabBarController.swift */; };
		5633C4001FAAFC1F00B091F9 /* LoginViewController.swift in Sources */ = {isa = PBXBuildFile; fileRef = 5633C3FF1FAAFC1F00B091F9 /* LoginViewController.swift */; };
		5633C4021FAB0D7100B091F9 /* SignupViewController.swift in Sources */ = {isa = PBXBuildFile; fileRef = 5633C4011FAB0D7100B091F9 /* SignupViewController.swift */; };
		563FF4AB1FCEF7B6009ACCA5 /* SettingsViewController.swift in Sources */ = {isa = PBXBuildFile; fileRef = 563FF4AA1FCEF7B6009ACCA5 /* SettingsViewController.swift */; };
		563FF4AD1FCF1BB7009ACCA5 /* UserTableViewCell.swift in Sources */ = {isa = PBXBuildFile; fileRef = 563FF4AC1FCF1BB7009ACCA5 /* UserTableViewCell.swift */; };
		563FF4AF1FCF1E4B009ACCA5 /* CreateGroupTableViewController.swift in Sources */ = {isa = PBXBuildFile; fileRef = 563FF4AE1FCF1E4B009ACCA5 /* CreateGroupTableViewController.swift */; };
		563FF4B11FCF20C3009ACCA5 /* UsersHandler.swift in Sources */ = {isa = PBXBuildFile; fileRef = 563FF4B01FCF20C3009ACCA5 /* UsersHandler.swift */; };
		563FF4B31FCF21D4009ACCA5 /* UserTableElement.swift in Sources */ = {isa = PBXBuildFile; fileRef = 563FF4B21FCF21D4009ACCA5 /* UserTableElement.swift */; };
		564E4E041FD168E500EAF251 /* AlertViewController.swift in Sources */ = {isa = PBXBuildFile; fileRef = 564E4E031FD168E500EAF251 /* AlertViewController.swift */; };
		564EBA871FC6CF4C00BFCB45 /* EditProfileViewController.swift in Sources */ = {isa = PBXBuildFile; fileRef = 564EBA861FC6CF4C00BFCB45 /* EditProfileViewController.swift */; };
		564EBA8B1FC6D0A900BFCB45 /* ProfilViewController.swift in Sources */ = {isa = PBXBuildFile; fileRef = 564EBA8A1FC6D0A900BFCB45 /* ProfilViewController.swift */; };
		5677BC291FC6DC32000F8176 /* ProfileHandler.swift in Sources */ = {isa = PBXBuildFile; fileRef = 5677BC281FC6DC32000F8176 /* ProfileHandler.swift */; };
		5682DBCA1FCC75EE00DEECC3 /* GroupTableViewCell.swift in Sources */ = {isa = PBXBuildFile; fileRef = 5682DBC91FCC75EE00DEECC3 /* GroupTableViewCell.swift */; };
		5682DBCC1FCC7A1600DEECC3 /* GroupTableViewController.swift in Sources */ = {isa = PBXBuildFile; fileRef = 5682DBCB1FCC7A1600DEECC3 /* GroupTableViewController.swift */; };
		5682DBCE1FCC7B4900DEECC3 /* Group.swift in Sources */ = {isa = PBXBuildFile; fileRef = 5682DBCD1FCC7B4900DEECC3 /* Group.swift */; };
		569766AE1FD02CFE0096D3BC /* SlideToControl.xib in Resources */ = {isa = PBXBuildFile; fileRef = 569766AD1FD02CFE0096D3BC /* SlideToControl.xib */; };
		569766B01FD02D120096D3BC /* SlideToControl.swift in Sources */ = {isa = PBXBuildFile; fileRef = 569766AF1FD02D120096D3BC /* SlideToControl.swift */; };
		56B9FD7D1FB44BDD00F82589 /* ResetPasswordViewController.swift in Sources */ = {isa = PBXBuildFile; fileRef = 56B9FD7C1FB44BDD00F82589 /* ResetPasswordViewController.swift */; };
		56B9FD7F1FB4BA3B00F82589 /* SignUpControllerHandler.swift in Sources */ = {isa = PBXBuildFile; fileRef = 56B9FD7E1FB4BA3B00F82589 /* SignUpControllerHandler.swift */; };
		56F5F2D91F8F51F2004D3E62 /* AppDelegate.swift in Sources */ = {isa = PBXBuildFile; fileRef = 56F5F2D81F8F51F2004D3E62 /* AppDelegate.swift */; };
		56F5F2DE1F8F51F2004D3E62 /* Main.storyboard in Resources */ = {isa = PBXBuildFile; fileRef = 56F5F2DC1F8F51F2004D3E62 /* Main.storyboard */; };
		56F5F2E01F8F51F2004D3E62 /* Assets.xcassets in Resources */ = {isa = PBXBuildFile; fileRef = 56F5F2DF1F8F51F2004D3E62 /* Assets.xcassets */; };
		56F5F2E31F8F51F2004D3E62 /* LaunchScreen.storyboard in Resources */ = {isa = PBXBuildFile; fileRef = 56F5F2E11F8F51F2004D3E62 /* LaunchScreen.storyboard */; };
		56F5F2EE1F8F51F2004D3E62 /* NeighBirdTests.swift in Sources */ = {isa = PBXBuildFile; fileRef = 56F5F2ED1F8F51F2004D3E62 /* NeighBirdTests.swift */; };
		56F5F2F91F8F51F2004D3E62 /* NeighBirdUITests.swift in Sources */ = {isa = PBXBuildFile; fileRef = 56F5F2F81F8F51F2004D3E62 /* NeighBirdUITests.swift */; };
		84358A9C9A4C221EBC4D9BA3 /* Pods_NeighBird.framework in Frameworks */ = {isa = PBXBuildFile; fileRef = 470FEED7DD5BE16006A1B5BB /* Pods_NeighBird.framework */; };
		9DD0DF86F55997198912126D /* Pods_NeighBirdUITests.framework in Frameworks */ = {isa = PBXBuildFile; fileRef = 155D8122008B2F12588E4023 /* Pods_NeighBirdUITests.framework */; };
		9E7031DD4F62892B7FDCD774 /* Pods_NeighBirdTests.framework in Frameworks */ = {isa = PBXBuildFile; fileRef = BB40251809776094194F89DF /* Pods_NeighBirdTests.framework */; };
		E9032C371FD1B51800360D0C /* GoogleService-Info.plist in Resources */ = {isa = PBXBuildFile; fileRef = E9032C361FD1B51800360D0C /* GoogleService-Info.plist */; };
/* End PBXBuildFile section */

/* Begin PBXContainerItemProxy section */
		56F5F2EA1F8F51F2004D3E62 /* PBXContainerItemProxy */ = {
			isa = PBXContainerItemProxy;
			containerPortal = 56F5F2CD1F8F51F2004D3E62 /* Project object */;
			proxyType = 1;
			remoteGlobalIDString = 56F5F2D41F8F51F2004D3E62;
			remoteInfo = NeighBird;
		};
		56F5F2F51F8F51F2004D3E62 /* PBXContainerItemProxy */ = {
			isa = PBXContainerItemProxy;
			containerPortal = 56F5F2CD1F8F51F2004D3E62 /* Project object */;
			proxyType = 1;
			remoteGlobalIDString = 56F5F2D41F8F51F2004D3E62;
			remoteInfo = NeighBird;
		};
/* End PBXContainerItemProxy section */

/* Begin PBXFileReference section */
		155D8122008B2F12588E4023 /* Pods_NeighBirdUITests.framework */ = {isa = PBXFileReference; explicitFileType = wrapper.framework; includeInIndex = 0; path = Pods_NeighBirdUITests.framework; sourceTree = BUILT_PRODUCTS_DIR; };
		32D2684AD6D97ABC92182600 /* Pods-NeighBirdUITests.release.xcconfig */ = {isa = PBXFileReference; includeInIndex = 1; lastKnownFileType = text.xcconfig; name = "Pods-NeighBirdUITests.release.xcconfig"; path = "Pods/Target Support Files/Pods-NeighBirdUITests/Pods-NeighBirdUITests.release.xcconfig"; sourceTree = "<group>"; };
		34C116EB062585FFAD4D4CCC /* Pods-NeighBirdTests.release.xcconfig */ = {isa = PBXFileReference; includeInIndex = 1; lastKnownFileType = text.xcconfig; name = "Pods-NeighBirdTests.release.xcconfig"; path = "Pods/Target Support Files/Pods-NeighBirdTests/Pods-NeighBirdTests.release.xcconfig"; sourceTree = "<group>"; };
		470FEED7DD5BE16006A1B5BB /* Pods_NeighBird.framework */ = {isa = PBXFileReference; explicitFileType = wrapper.framework; includeInIndex = 0; path = Pods_NeighBird.framework; sourceTree = BUILT_PRODUCTS_DIR; };
		4FB611A700720D00CF0F57E9 /* Pods-NeighBirdTests.debug.xcconfig */ = {isa = PBXFileReference; includeInIndex = 1; lastKnownFileType = text.xcconfig; name = "Pods-NeighBirdTests.debug.xcconfig"; path = "Pods/Target Support Files/Pods-NeighBirdTests/Pods-NeighBirdTests.debug.xcconfig"; sourceTree = "<group>"; };
		56196CE91FC9970800D36A00 /* CustomTabBarController.swift */ = {isa = PBXFileReference; lastKnownFileType = sourcecode.swift; path = CustomTabBarController.swift; sourceTree = "<group>"; };
		5633C3FF1FAAFC1F00B091F9 /* LoginViewController.swift */ = {isa = PBXFileReference; lastKnownFileType = sourcecode.swift; path = LoginViewController.swift; sourceTree = "<group>"; };
		5633C4011FAB0D7100B091F9 /* SignupViewController.swift */ = {isa = PBXFileReference; lastKnownFileType = sourcecode.swift; path = SignupViewController.swift; sourceTree = "<group>"; };
		563FF4AA1FCEF7B6009ACCA5 /* SettingsViewController.swift */ = {isa = PBXFileReference; lastKnownFileType = sourcecode.swift; path = SettingsViewController.swift; sourceTree = "<group>"; };
		563FF4AC1FCF1BB7009ACCA5 /* UserTableViewCell.swift */ = {isa = PBXFileReference; lastKnownFileType = sourcecode.swift; path = UserTableViewCell.swift; sourceTree = "<group>"; };
		563FF4AE1FCF1E4B009ACCA5 /* CreateGroupTableViewController.swift */ = {isa = PBXFileReference; lastKnownFileType = sourcecode.swift; path = CreateGroupTableViewController.swift; sourceTree = "<group>"; };
		563FF4B01FCF20C3009ACCA5 /* UsersHandler.swift */ = {isa = PBXFileReference; lastKnownFileType = sourcecode.swift; path = UsersHandler.swift; sourceTree = "<group>"; };
		563FF4B21FCF21D4009ACCA5 /* UserTableElement.swift */ = {isa = PBXFileReference; lastKnownFileType = sourcecode.swift; path = UserTableElement.swift; sourceTree = "<group>"; };
		564E4E031FD168E500EAF251 /* AlertViewController.swift */ = {isa = PBXFileReference; lastKnownFileType = sourcecode.swift; path = AlertViewController.swift; sourceTree = "<group>"; };
		564EBA861FC6CF4C00BFCB45 /* EditProfileViewController.swift */ = {isa = PBXFileReference; lastKnownFileType = sourcecode.swift; path = EditProfileViewController.swift; sourceTree = "<group>"; };
		564EBA8A1FC6D0A900BFCB45 /* ProfilViewController.swift */ = {isa = PBXFileReference; lastKnownFileType = sourcecode.swift; path = ProfilViewController.swift; sourceTree = "<group>"; };
		5677BC281FC6DC32000F8176 /* ProfileHandler.swift */ = {isa = PBXFileReference; lastKnownFileType = sourcecode.swift; path = ProfileHandler.swift; sourceTree = "<group>"; };
		5682DBC91FCC75EE00DEECC3 /* GroupTableViewCell.swift */ = {isa = PBXFileReference; lastKnownFileType = sourcecode.swift; path = GroupTableViewCell.swift; sourceTree = "<group>"; };
		5682DBCB1FCC7A1600DEECC3 /* GroupTableViewController.swift */ = {isa = PBXFileReference; lastKnownFileType = sourcecode.swift; path = GroupTableViewController.swift; sourceTree = "<group>"; };
		5682DBCD1FCC7B4900DEECC3 /* Group.swift */ = {isa = PBXFileReference; lastKnownFileType = sourcecode.swift; path = Group.swift; sourceTree = "<group>"; };
		569766AD1FD02CFE0096D3BC /* SlideToControl.xib */ = {isa = PBXFileReference; fileEncoding = 4; lastKnownFileType = file.xib; path = SlideToControl.xib; sourceTree = "<group>"; };
		569766AF1FD02D120096D3BC /* SlideToControl.swift */ = {isa = PBXFileReference; fileEncoding = 4; lastKnownFileType = sourcecode.swift; path = SlideToControl.swift; sourceTree = "<group>"; };
		56B9FD7C1FB44BDD00F82589 /* ResetPasswordViewController.swift */ = {isa = PBXFileReference; lastKnownFileType = sourcecode.swift; path = ResetPasswordViewController.swift; sourceTree = "<group>"; };
		56B9FD7E1FB4BA3B00F82589 /* SignUpControllerHandler.swift */ = {isa = PBXFileReference; lastKnownFileType = sourcecode.swift; path = SignUpControllerHandler.swift; sourceTree = "<group>"; };
		56F5F2D51F8F51F2004D3E62 /* NeighBird.app */ = {isa = PBXFileReference; explicitFileType = wrapper.application; includeInIndex = 0; path = NeighBird.app; sourceTree = BUILT_PRODUCTS_DIR; };
		56F5F2D81F8F51F2004D3E62 /* AppDelegate.swift */ = {isa = PBXFileReference; lastKnownFileType = sourcecode.swift; path = AppDelegate.swift; sourceTree = "<group>"; };
		56F5F2DD1F8F51F2004D3E62 /* Base */ = {isa = PBXFileReference; lastKnownFileType = file.storyboard; name = Base; path = Base.lproj/Main.storyboard; sourceTree = "<group>"; };
		56F5F2DF1F8F51F2004D3E62 /* Assets.xcassets */ = {isa = PBXFileReference; lastKnownFileType = folder.assetcatalog; path = Assets.xcassets; sourceTree = "<group>"; };
		56F5F2E21F8F51F2004D3E62 /* Base */ = {isa = PBXFileReference; lastKnownFileType = file.storyboard; name = Base; path = Base.lproj/LaunchScreen.storyboard; sourceTree = "<group>"; };
		56F5F2E41F8F51F2004D3E62 /* Info.plist */ = {isa = PBXFileReference; lastKnownFileType = text.plist.xml; path = Info.plist; sourceTree = "<group>"; };
		56F5F2E91F8F51F2004D3E62 /* NeighBirdTests.xctest */ = {isa = PBXFileReference; explicitFileType = wrapper.cfbundle; includeInIndex = 0; path = NeighBirdTests.xctest; sourceTree = BUILT_PRODUCTS_DIR; };
		56F5F2ED1F8F51F2004D3E62 /* NeighBirdTests.swift */ = {isa = PBXFileReference; lastKnownFileType = sourcecode.swift; path = NeighBirdTests.swift; sourceTree = "<group>"; };
		56F5F2EF1F8F51F2004D3E62 /* Info.plist */ = {isa = PBXFileReference; lastKnownFileType = text.plist.xml; path = Info.plist; sourceTree = "<group>"; };
		56F5F2F41F8F51F2004D3E62 /* NeighBirdUITests.xctest */ = {isa = PBXFileReference; explicitFileType = wrapper.cfbundle; includeInIndex = 0; path = NeighBirdUITests.xctest; sourceTree = BUILT_PRODUCTS_DIR; };
		56F5F2F81F8F51F2004D3E62 /* NeighBirdUITests.swift */ = {isa = PBXFileReference; lastKnownFileType = sourcecode.swift; path = NeighBirdUITests.swift; sourceTree = "<group>"; };
		56F5F2FA1F8F51F2004D3E62 /* Info.plist */ = {isa = PBXFileReference; lastKnownFileType = text.plist.xml; path = Info.plist; sourceTree = "<group>"; };
		734682AAC77411D13FC7124C /* Pods-NeighBirdUITests.debug.xcconfig */ = {isa = PBXFileReference; includeInIndex = 1; lastKnownFileType = text.xcconfig; name = "Pods-NeighBirdUITests.debug.xcconfig"; path = "Pods/Target Support Files/Pods-NeighBirdUITests/Pods-NeighBirdUITests.debug.xcconfig"; sourceTree = "<group>"; };
		9367FAA3DC1FDFF858FBC794 /* Pods-NeighBird.release.xcconfig */ = {isa = PBXFileReference; includeInIndex = 1; lastKnownFileType = text.xcconfig; name = "Pods-NeighBird.release.xcconfig"; path = "Pods/Target Support Files/Pods-NeighBird/Pods-NeighBird.release.xcconfig"; sourceTree = "<group>"; };
		BB40251809776094194F89DF /* Pods_NeighBirdTests.framework */ = {isa = PBXFileReference; explicitFileType = wrapper.framework; includeInIndex = 0; path = Pods_NeighBirdTests.framework; sourceTree = BUILT_PRODUCTS_DIR; };
		D4AC3462DE1B9DD75DCFB781 /* Pods-NeighBird.debug.xcconfig */ = {isa = PBXFileReference; includeInIndex = 1; lastKnownFileType = text.xcconfig; name = "Pods-NeighBird.debug.xcconfig"; path = "Pods/Target Support Files/Pods-NeighBird/Pods-NeighBird.debug.xcconfig"; sourceTree = "<group>"; };
		E9032C361FD1B51800360D0C /* GoogleService-Info.plist */ = {isa = PBXFileReference; fileEncoding = 4; lastKnownFileType = text.plist.xml; name = "GoogleService-Info.plist"; path = "../../../../Downloads/GoogleService-Info.plist"; sourceTree = "<group>"; };
/* End PBXFileReference section */

/* Begin PBXFrameworksBuildPhase section */
		56F5F2D21F8F51F2004D3E62 /* Frameworks */ = {
			isa = PBXFrameworksBuildPhase;
			buildActionMask = 2147483647;
			files = (
				84358A9C9A4C221EBC4D9BA3 /* Pods_NeighBird.framework in Frameworks */,
			);
			runOnlyForDeploymentPostprocessing = 0;
		};
		56F5F2E61F8F51F2004D3E62 /* Frameworks */ = {
			isa = PBXFrameworksBuildPhase;
			buildActionMask = 2147483647;
			files = (
				9E7031DD4F62892B7FDCD774 /* Pods_NeighBirdTests.framework in Frameworks */,
			);
			runOnlyForDeploymentPostprocessing = 0;
		};
		56F5F2F11F8F51F2004D3E62 /* Frameworks */ = {
			isa = PBXFrameworksBuildPhase;
			buildActionMask = 2147483647;
			files = (
				9DD0DF86F55997198912126D /* Pods_NeighBirdUITests.framework in Frameworks */,
			);
			runOnlyForDeploymentPostprocessing = 0;
		};
/* End PBXFrameworksBuildPhase section */

/* Begin PBXGroup section */
		561FFA211FCB32D30067D893 /* Group and Chat */ = {
			isa = PBXGroup;
			children = (
				5682DBC91FCC75EE00DEECC3 /* GroupTableViewCell.swift */,
				5682DBCB1FCC7A1600DEECC3 /* GroupTableViewController.swift */,
				5682DBCD1FCC7B4900DEECC3 /* Group.swift */,
				563FF4AC1FCF1BB7009ACCA5 /* UserTableViewCell.swift */,
				563FF4B21FCF21D4009ACCA5 /* UserTableElement.swift */,
			);
			path = "Group and Chat";
			sourceTree = "<group>";
		};
		561FFA241FCB33D30067D893 /* ViewControllers */ = {
			isa = PBXGroup;
			children = (
				5633C3FF1FAAFC1F00B091F9 /* LoginViewController.swift */,
				5633C4011FAB0D7100B091F9 /* SignupViewController.swift */,
				564EBA861FC6CF4C00BFCB45 /* EditProfileViewController.swift */,
				56196CE91FC9970800D36A00 /* CustomTabBarController.swift */,
				564EBA8A1FC6D0A900BFCB45 /* ProfilViewController.swift */,
				56B9FD7C1FB44BDD00F82589 /* ResetPasswordViewController.swift */,
				563FF4AA1FCEF7B6009ACCA5 /* SettingsViewController.swift */,
				563FF4AE1FCF1E4B009ACCA5 /* CreateGroupTableViewController.swift */,
				564E4E031FD168E500EAF251 /* AlertViewController.swift */,
			);
			path = ViewControllers;
			sourceTree = "<group>";
		};
		56F5F2CC1F8F51F2004D3E62 = {
			isa = PBXGroup;
			children = (
				56F5F2D71F8F51F2004D3E62 /* NeighBird */,
				56F5F2EC1F8F51F2004D3E62 /* NeighBirdTests */,
				56F5F2F71F8F51F2004D3E62 /* NeighBirdUITests */,
				56F5F2D61F8F51F2004D3E62 /* Products */,
				BCA2FCFADF56A83F22A8A9E2 /* Pods */,
				877C9E1A2E0448608E2981BC /* Frameworks */,
			);
			sourceTree = "<group>";
		};
		56F5F2D61F8F51F2004D3E62 /* Products */ = {
			isa = PBXGroup;
			children = (
				56F5F2D51F8F51F2004D3E62 /* NeighBird.app */,
				56F5F2E91F8F51F2004D3E62 /* NeighBirdTests.xctest */,
				56F5F2F41F8F51F2004D3E62 /* NeighBirdUITests.xctest */,
			);
			name = Products;
			sourceTree = "<group>";
		};
		56F5F2D71F8F51F2004D3E62 /* NeighBird */ = {
			isa = PBXGroup;
			children = (
				561FFA211FCB32D30067D893 /* Group and Chat */,
				56F5F2D81F8F51F2004D3E62 /* AppDelegate.swift */,
				561FFA241FCB33D30067D893 /* ViewControllers */,
				56F5F2DC1F8F51F2004D3E62 /* Main.storyboard */,
				569766AF1FD02D120096D3BC /* SlideToControl.swift */,
				569766AD1FD02CFE0096D3BC /* SlideToControl.xib */,
				5677BC281FC6DC32000F8176 /* ProfileHandler.swift */,
				56B9FD7E1FB4BA3B00F82589 /* SignUpControllerHandler.swift */,
				563FF4B01FCF20C3009ACCA5 /* UsersHandler.swift */,
				56F5F2DF1F8F51F2004D3E62 /* Assets.xcassets */,
				56F5F2E11F8F51F2004D3E62 /* LaunchScreen.storyboard */,
				E9032C361FD1B51800360D0C /* GoogleService-Info.plist */,
				56F5F2E41F8F51F2004D3E62 /* Info.plist */,
			);
			path = NeighBird;
			sourceTree = "<group>";
		};
		56F5F2EC1F8F51F2004D3E62 /* NeighBirdTests */ = {
			isa = PBXGroup;
			children = (
				56F5F2ED1F8F51F2004D3E62 /* NeighBirdTests.swift */,
				56F5F2EF1F8F51F2004D3E62 /* Info.plist */,
			);
			path = NeighBirdTests;
			sourceTree = "<group>";
		};
		56F5F2F71F8F51F2004D3E62 /* NeighBirdUITests */ = {
			isa = PBXGroup;
			children = (
				56F5F2F81F8F51F2004D3E62 /* NeighBirdUITests.swift */,
				56F5F2FA1F8F51F2004D3E62 /* Info.plist */,
			);
			path = NeighBirdUITests;
			sourceTree = "<group>";
		};
		877C9E1A2E0448608E2981BC /* Frameworks */ = {
			isa = PBXGroup;
			children = (
				470FEED7DD5BE16006A1B5BB /* Pods_NeighBird.framework */,
				BB40251809776094194F89DF /* Pods_NeighBirdTests.framework */,
				155D8122008B2F12588E4023 /* Pods_NeighBirdUITests.framework */,
			);
			name = Frameworks;
			sourceTree = "<group>";
		};
		BCA2FCFADF56A83F22A8A9E2 /* Pods */ = {
			isa = PBXGroup;
			children = (
				D4AC3462DE1B9DD75DCFB781 /* Pods-NeighBird.debug.xcconfig */,
				9367FAA3DC1FDFF858FBC794 /* Pods-NeighBird.release.xcconfig */,
				4FB611A700720D00CF0F57E9 /* Pods-NeighBirdTests.debug.xcconfig */,
				34C116EB062585FFAD4D4CCC /* Pods-NeighBirdTests.release.xcconfig */,
				734682AAC77411D13FC7124C /* Pods-NeighBirdUITests.debug.xcconfig */,
				32D2684AD6D97ABC92182600 /* Pods-NeighBirdUITests.release.xcconfig */,
			);
			name = Pods;
			sourceTree = "<group>";
		};
/* End PBXGroup section */

/* Begin PBXNativeTarget section */
		56F5F2D41F8F51F2004D3E62 /* NeighBird */ = {
			isa = PBXNativeTarget;
			buildConfigurationList = 56F5F2FD1F8F51F2004D3E62 /* Build configuration list for PBXNativeTarget "NeighBird" */;
			buildPhases = (
				217BE5E7DCED2242588F4FC6 /* [CP] Check Pods Manifest.lock */,
				56F5F2D11F8F51F2004D3E62 /* Sources */,
				56F5F2D21F8F51F2004D3E62 /* Frameworks */,
				56F5F2D31F8F51F2004D3E62 /* Resources */,
				1CFD4E04B0A314B67CA9E2F2 /* [CP] Embed Pods Frameworks */,
				3732A1FB0293C76136416345 /* [CP] Copy Pods Resources */,
			);
			buildRules = (
			);
			dependencies = (
			);
			name = NeighBird;
			productName = NeighBird;
			productReference = 56F5F2D51F8F51F2004D3E62 /* NeighBird.app */;
			productType = "com.apple.product-type.application";
		};
		56F5F2E81F8F51F2004D3E62 /* NeighBirdTests */ = {
			isa = PBXNativeTarget;
			buildConfigurationList = 56F5F3001F8F51F2004D3E62 /* Build configuration list for PBXNativeTarget "NeighBirdTests" */;
			buildPhases = (
				044F7324A43399D5DE016490 /* [CP] Check Pods Manifest.lock */,
				56F5F2E51F8F51F2004D3E62 /* Sources */,
				56F5F2E61F8F51F2004D3E62 /* Frameworks */,
				56F5F2E71F8F51F2004D3E62 /* Resources */,
				584866C13DCDDCF6486AE641 /* [CP] Embed Pods Frameworks */,
				9A50E18FCBA405BE2F229437 /* [CP] Copy Pods Resources */,
			);
			buildRules = (
			);
			dependencies = (
				56F5F2EB1F8F51F2004D3E62 /* PBXTargetDependency */,
			);
			name = NeighBirdTests;
			productName = NeighBirdTests;
			productReference = 56F5F2E91F8F51F2004D3E62 /* NeighBirdTests.xctest */;
			productType = "com.apple.product-type.bundle.unit-test";
		};
		56F5F2F31F8F51F2004D3E62 /* NeighBirdUITests */ = {
			isa = PBXNativeTarget;
			buildConfigurationList = 56F5F3031F8F51F2004D3E62 /* Build configuration list for PBXNativeTarget "NeighBirdUITests" */;
			buildPhases = (
				3DD0DD4C2D1A3B373C77DE03 /* [CP] Check Pods Manifest.lock */,
				56F5F2F01F8F51F2004D3E62 /* Sources */,
				56F5F2F11F8F51F2004D3E62 /* Frameworks */,
				56F5F2F21F8F51F2004D3E62 /* Resources */,
				A1D81D3D798D5551A0C4798D /* [CP] Embed Pods Frameworks */,
				ADF41E07A29806A690DDFBBC /* [CP] Copy Pods Resources */,
			);
			buildRules = (
			);
			dependencies = (
				56F5F2F61F8F51F2004D3E62 /* PBXTargetDependency */,
			);
			name = NeighBirdUITests;
			productName = NeighBirdUITests;
			productReference = 56F5F2F41F8F51F2004D3E62 /* NeighBirdUITests.xctest */;
			productType = "com.apple.product-type.bundle.ui-testing";
		};
/* End PBXNativeTarget section */

/* Begin PBXProject section */
		56F5F2CD1F8F51F2004D3E62 /* Project object */ = {
			isa = PBXProject;
			attributes = {
				LastSwiftUpdateCheck = 0900;
				LastUpgradeCheck = 0900;
				ORGANIZATIONNAME = "Sara Nordberg";
				TargetAttributes = {
					56F5F2D41F8F51F2004D3E62 = {
						CreatedOnToolsVersion = 9.0;
						ProvisioningStyle = Automatic;
					};
					56F5F2E81F8F51F2004D3E62 = {
						CreatedOnToolsVersion = 9.0;
						ProvisioningStyle = Automatic;
						TestTargetID = 56F5F2D41F8F51F2004D3E62;
					};
					56F5F2F31F8F51F2004D3E62 = {
						CreatedOnToolsVersion = 9.0;
						ProvisioningStyle = Automatic;
						TestTargetID = 56F5F2D41F8F51F2004D3E62;
					};
				};
			};
			buildConfigurationList = 56F5F2D01F8F51F2004D3E62 /* Build configuration list for PBXProject "NeighBird" */;
			compatibilityVersion = "Xcode 8.0";
			developmentRegion = en;
			hasScannedForEncodings = 0;
			knownRegions = (
				en,
				Base,
			);
			mainGroup = 56F5F2CC1F8F51F2004D3E62;
			productRefGroup = 56F5F2D61F8F51F2004D3E62 /* Products */;
			projectDirPath = "";
			projectRoot = "";
			targets = (
				56F5F2D41F8F51F2004D3E62 /* NeighBird */,
				56F5F2E81F8F51F2004D3E62 /* NeighBirdTests */,
				56F5F2F31F8F51F2004D3E62 /* NeighBirdUITests */,
			);
		};
/* End PBXProject section */

/* Begin PBXResourcesBuildPhase section */
		56F5F2D31F8F51F2004D3E62 /* Resources */ = {
			isa = PBXResourcesBuildPhase;
			buildActionMask = 2147483647;
			files = (
				56F5F2E31F8F51F2004D3E62 /* LaunchScreen.storyboard in Resources */,
				56F5F2E01F8F51F2004D3E62 /* Assets.xcassets in Resources */,
				56F5F2DE1F8F51F2004D3E62 /* Main.storyboard in Resources */,
				569766AE1FD02CFE0096D3BC /* SlideToControl.xib in Resources */,
				E9032C371FD1B51800360D0C /* GoogleService-Info.plist in Resources */,
			);
			runOnlyForDeploymentPostprocessing = 0;
		};
		56F5F2E71F8F51F2004D3E62 /* Resources */ = {
			isa = PBXResourcesBuildPhase;
			buildActionMask = 2147483647;
			files = (
			);
			runOnlyForDeploymentPostprocessing = 0;
		};
		56F5F2F21F8F51F2004D3E62 /* Resources */ = {
			isa = PBXResourcesBuildPhase;
			buildActionMask = 2147483647;
			files = (
			);
			runOnlyForDeploymentPostprocessing = 0;
		};
/* End PBXResourcesBuildPhase section */

/* Begin PBXShellScriptBuildPhase section */
		044F7324A43399D5DE016490 /* [CP] Check Pods Manifest.lock */ = {
			isa = PBXShellScriptBuildPhase;
			buildActionMask = 2147483647;
			files = (
			);
			inputPaths = (
				"${PODS_PODFILE_DIR_PATH}/Podfile.lock",
				"${PODS_ROOT}/Manifest.lock",
			);
			name = "[CP] Check Pods Manifest.lock";
			outputPaths = (
				"$(DERIVED_FILE_DIR)/Pods-NeighBirdTests-checkManifestLockResult.txt",
			);
			runOnlyForDeploymentPostprocessing = 0;
			shellPath = /bin/sh;
			shellScript = "diff \"${PODS_PODFILE_DIR_PATH}/Podfile.lock\" \"${PODS_ROOT}/Manifest.lock\" > /dev/null\nif [ $? != 0 ] ; then\n    # print error to STDERR\n    echo \"error: The sandbox is not in sync with the Podfile.lock. Run 'pod install' or update your CocoaPods installation.\" >&2\n    exit 1\nfi\n# This output is used by Xcode 'outputs' to avoid re-running this script phase.\necho \"SUCCESS\" > \"${SCRIPT_OUTPUT_FILE_0}\"\n";
			showEnvVarsInLog = 0;
		};
		1CFD4E04B0A314B67CA9E2F2 /* [CP] Embed Pods Frameworks */ = {
			isa = PBXShellScriptBuildPhase;
			buildActionMask = 2147483647;
			files = (
			);
			inputPaths = (
				"${SRCROOT}/Pods/Target Support Files/Pods-NeighBird/Pods-NeighBird-frameworks.sh",
				"${BUILT_PRODUCTS_DIR}/GTMSessionFetcher/GTMSessionFetcher.framework",
				"${BUILT_PRODUCTS_DIR}/GoogleToolboxForMac/GoogleToolboxForMac.framework",
				"${BUILT_PRODUCTS_DIR}/leveldb-library/leveldb.framework",
				"${BUILT_PRODUCTS_DIR}/nanopb/nanopb.framework",
			);
			name = "[CP] Embed Pods Frameworks";
			outputPaths = (
				"${TARGET_BUILD_DIR}/${FRAMEWORKS_FOLDER_PATH}/GTMSessionFetcher.framework",
				"${TARGET_BUILD_DIR}/${FRAMEWORKS_FOLDER_PATH}/GoogleToolboxForMac.framework",
				"${TARGET_BUILD_DIR}/${FRAMEWORKS_FOLDER_PATH}/leveldb.framework",
				"${TARGET_BUILD_DIR}/${FRAMEWORKS_FOLDER_PATH}/nanopb.framework",
			);
			runOnlyForDeploymentPostprocessing = 0;
			shellPath = /bin/sh;
			shellScript = "\"${SRCROOT}/Pods/Target Support Files/Pods-NeighBird/Pods-NeighBird-frameworks.sh\"\n";
			showEnvVarsInLog = 0;
		};
		217BE5E7DCED2242588F4FC6 /* [CP] Check Pods Manifest.lock */ = {
			isa = PBXShellScriptBuildPhase;
			buildActionMask = 2147483647;
			files = (
			);
			inputPaths = (
				"${PODS_PODFILE_DIR_PATH}/Podfile.lock",
				"${PODS_ROOT}/Manifest.lock",
			);
			name = "[CP] Check Pods Manifest.lock";
			outputPaths = (
				"$(DERIVED_FILE_DIR)/Pods-NeighBird-checkManifestLockResult.txt",
			);
			runOnlyForDeploymentPostprocessing = 0;
			shellPath = /bin/sh;
			shellScript = "diff \"${PODS_PODFILE_DIR_PATH}/Podfile.lock\" \"${PODS_ROOT}/Manifest.lock\" > /dev/null\nif [ $? != 0 ] ; then\n    # print error to STDERR\n    echo \"error: The sandbox is not in sync with the Podfile.lock. Run 'pod install' or update your CocoaPods installation.\" >&2\n    exit 1\nfi\n# This output is used by Xcode 'outputs' to avoid re-running this script phase.\necho \"SUCCESS\" > \"${SCRIPT_OUTPUT_FILE_0}\"\n";
			showEnvVarsInLog = 0;
		};
		3732A1FB0293C76136416345 /* [CP] Copy Pods Resources */ = {
			isa = PBXShellScriptBuildPhase;
			buildActionMask = 2147483647;
			files = (
			);
			inputPaths = (
			);
			name = "[CP] Copy Pods Resources";
			outputPaths = (
			);
			runOnlyForDeploymentPostprocessing = 0;
			shellPath = /bin/sh;
			shellScript = "\"${SRCROOT}/Pods/Target Support Files/Pods-NeighBird/Pods-NeighBird-resources.sh\"\n";
			showEnvVarsInLog = 0;
		};
		3DD0DD4C2D1A3B373C77DE03 /* [CP] Check Pods Manifest.lock */ = {
			isa = PBXShellScriptBuildPhase;
			buildActionMask = 2147483647;
			files = (
			);
			inputPaths = (
				"${PODS_PODFILE_DIR_PATH}/Podfile.lock",
				"${PODS_ROOT}/Manifest.lock",
			);
			name = "[CP] Check Pods Manifest.lock";
			outputPaths = (
				"$(DERIVED_FILE_DIR)/Pods-NeighBirdUITests-checkManifestLockResult.txt",
			);
			runOnlyForDeploymentPostprocessing = 0;
			shellPath = /bin/sh;
			shellScript = "diff \"${PODS_PODFILE_DIR_PATH}/Podfile.lock\" \"${PODS_ROOT}/Manifest.lock\" > /dev/null\nif [ $? != 0 ] ; then\n    # print error to STDERR\n    echo \"error: The sandbox is not in sync with the Podfile.lock. Run 'pod install' or update your CocoaPods installation.\" >&2\n    exit 1\nfi\n# This output is used by Xcode 'outputs' to avoid re-running this script phase.\necho \"SUCCESS\" > \"${SCRIPT_OUTPUT_FILE_0}\"\n";
			showEnvVarsInLog = 0;
		};
		584866C13DCDDCF6486AE641 /* [CP] Embed Pods Frameworks */ = {
			isa = PBXShellScriptBuildPhase;
			buildActionMask = 2147483647;
			files = (
			);
			inputPaths = (
			);
			name = "[CP] Embed Pods Frameworks";
			outputPaths = (
			);
			runOnlyForDeploymentPostprocessing = 0;
			shellPath = /bin/sh;
			shellScript = "\"${SRCROOT}/Pods/Target Support Files/Pods-NeighBirdTests/Pods-NeighBirdTests-frameworks.sh\"\n";
			showEnvVarsInLog = 0;
		};
		9A50E18FCBA405BE2F229437 /* [CP] Copy Pods Resources */ = {
			isa = PBXShellScriptBuildPhase;
			buildActionMask = 2147483647;
			files = (
			);
			inputPaths = (
			);
			name = "[CP] Copy Pods Resources";
			outputPaths = (
			);
			runOnlyForDeploymentPostprocessing = 0;
			shellPath = /bin/sh;
			shellScript = "\"${SRCROOT}/Pods/Target Support Files/Pods-NeighBirdTests/Pods-NeighBirdTests-resources.sh\"\n";
			showEnvVarsInLog = 0;
		};
		A1D81D3D798D5551A0C4798D /* [CP] Embed Pods Frameworks */ = {
			isa = PBXShellScriptBuildPhase;
			buildActionMask = 2147483647;
			files = (
			);
			inputPaths = (
			);
			name = "[CP] Embed Pods Frameworks";
			outputPaths = (
			);
			runOnlyForDeploymentPostprocessing = 0;
			shellPath = /bin/sh;
			shellScript = "\"${SRCROOT}/Pods/Target Support Files/Pods-NeighBirdUITests/Pods-NeighBirdUITests-frameworks.sh\"\n";
			showEnvVarsInLog = 0;
		};
		ADF41E07A29806A690DDFBBC /* [CP] Copy Pods Resources */ = {
			isa = PBXShellScriptBuildPhase;
			buildActionMask = 2147483647;
			files = (
			);
			inputPaths = (
			);
			name = "[CP] Copy Pods Resources";
			outputPaths = (
			);
			runOnlyForDeploymentPostprocessing = 0;
			shellPath = /bin/sh;
			shellScript = "\"${SRCROOT}/Pods/Target Support Files/Pods-NeighBirdUITests/Pods-NeighBirdUITests-resources.sh\"\n";
			showEnvVarsInLog = 0;
		};
/* End PBXShellScriptBuildPhase section */

/* Begin PBXSourcesBuildPhase section */
		56F5F2D11F8F51F2004D3E62 /* Sources */ = {
			isa = PBXSourcesBuildPhase;
			buildActionMask = 2147483647;
			files = (
				569766B01FD02D120096D3BC /* SlideToControl.swift in Sources */,
				564E4E041FD168E500EAF251 /* AlertViewController.swift in Sources */,
				564EBA8B1FC6D0A900BFCB45 /* ProfilViewController.swift in Sources */,
				563FF4B11FCF20C3009ACCA5 /* UsersHandler.swift in Sources */,
				564EBA871FC6CF4C00BFCB45 /* EditProfileViewController.swift in Sources */,
				56196CEA1FC9970800D36A00 /* CustomTabBarController.swift in Sources */,
				5682DBCA1FCC75EE00DEECC3 /* GroupTableViewCell.swift in Sources */,
				563FF4AD1FCF1BB7009ACCA5 /* UserTableViewCell.swift in Sources */,
				563FF4AF1FCF1E4B009ACCA5 /* CreateGroupTableViewController.swift in Sources */,
				56B9FD7F1FB4BA3B00F82589 /* SignUpControllerHandler.swift in Sources */,
				5682DBCC1FCC7A1600DEECC3 /* GroupTableViewController.swift in Sources */,
				5682DBCE1FCC7B4900DEECC3 /* Group.swift in Sources */,
				5633C4001FAAFC1F00B091F9 /* LoginViewController.swift in Sources */,
				563FF4AB1FCEF7B6009ACCA5 /* SettingsViewController.swift in Sources */,
				56B9FD7D1FB44BDD00F82589 /* ResetPasswordViewController.swift in Sources */,
				563FF4B31FCF21D4009ACCA5 /* UserTableElement.swift in Sources */,
				5677BC291FC6DC32000F8176 /* ProfileHandler.swift in Sources */,
				5633C4021FAB0D7100B091F9 /* SignupViewController.swift in Sources */,
				56F5F2D91F8F51F2004D3E62 /* AppDelegate.swift in Sources */,
			);
			runOnlyForDeploymentPostprocessing = 0;
		};
		56F5F2E51F8F51F2004D3E62 /* Sources */ = {
			isa = PBXSourcesBuildPhase;
			buildActionMask = 2147483647;
			files = (
				56F5F2EE1F8F51F2004D3E62 /* NeighBirdTests.swift in Sources */,
			);
			runOnlyForDeploymentPostprocessing = 0;
		};
		56F5F2F01F8F51F2004D3E62 /* Sources */ = {
			isa = PBXSourcesBuildPhase;
			buildActionMask = 2147483647;
			files = (
				56F5F2F91F8F51F2004D3E62 /* NeighBirdUITests.swift in Sources */,
			);
			runOnlyForDeploymentPostprocessing = 0;
		};
/* End PBXSourcesBuildPhase section */

/* Begin PBXTargetDependency section */
		56F5F2EB1F8F51F2004D3E62 /* PBXTargetDependency */ = {
			isa = PBXTargetDependency;
			target = 56F5F2D41F8F51F2004D3E62 /* NeighBird */;
			targetProxy = 56F5F2EA1F8F51F2004D3E62 /* PBXContainerItemProxy */;
		};
		56F5F2F61F8F51F2004D3E62 /* PBXTargetDependency */ = {
			isa = PBXTargetDependency;
			target = 56F5F2D41F8F51F2004D3E62 /* NeighBird */;
			targetProxy = 56F5F2F51F8F51F2004D3E62 /* PBXContainerItemProxy */;
		};
/* End PBXTargetDependency section */

/* Begin PBXVariantGroup section */
		56F5F2DC1F8F51F2004D3E62 /* Main.storyboard */ = {
			isa = PBXVariantGroup;
			children = (
				56F5F2DD1F8F51F2004D3E62 /* Base */,
			);
			name = Main.storyboard;
			sourceTree = "<group>";
		};
		56F5F2E11F8F51F2004D3E62 /* LaunchScreen.storyboard */ = {
			isa = PBXVariantGroup;
			children = (
				56F5F2E21F8F51F2004D3E62 /* Base */,
			);
			name = LaunchScreen.storyboard;
			sourceTree = "<group>";
		};
/* End PBXVariantGroup section */

/* Begin XCBuildConfiguration section */
		56F5F2FB1F8F51F2004D3E62 /* Debug */ = {
			isa = XCBuildConfiguration;
			buildSettings = {
				ALWAYS_SEARCH_USER_PATHS = NO;
				CLANG_ANALYZER_NONNULL = YES;
				CLANG_ANALYZER_NUMBER_OBJECT_CONVERSION = YES_AGGRESSIVE;
				CLANG_CXX_LANGUAGE_STANDARD = "gnu++14";
				CLANG_CXX_LIBRARY = "libc++";
				CLANG_ENABLE_MODULES = YES;
				CLANG_ENABLE_OBJC_ARC = YES;
				CLANG_WARN_BLOCK_CAPTURE_AUTORELEASING = YES;
				CLANG_WARN_BOOL_CONVERSION = YES;
				CLANG_WARN_COMMA = YES;
				CLANG_WARN_CONSTANT_CONVERSION = YES;
				CLANG_WARN_DIRECT_OBJC_ISA_USAGE = YES_ERROR;
				CLANG_WARN_DOCUMENTATION_COMMENTS = YES;
				CLANG_WARN_EMPTY_BODY = YES;
				CLANG_WARN_ENUM_CONVERSION = YES;
				CLANG_WARN_INFINITE_RECURSION = YES;
				CLANG_WARN_INT_CONVERSION = YES;
				CLANG_WARN_NON_LITERAL_NULL_CONVERSION = YES;
				CLANG_WARN_OBJC_LITERAL_CONVERSION = YES;
				CLANG_WARN_OBJC_ROOT_CLASS = YES_ERROR;
				CLANG_WARN_RANGE_LOOP_ANALYSIS = YES;
				CLANG_WARN_STRICT_PROTOTYPES = YES;
				CLANG_WARN_SUSPICIOUS_MOVE = YES;
				CLANG_WARN_UNGUARDED_AVAILABILITY = YES_AGGRESSIVE;
				CLANG_WARN_UNREACHABLE_CODE = YES;
				CLANG_WARN__DUPLICATE_METHOD_MATCH = YES;
				CODE_SIGN_IDENTITY = "iPhone Developer";
				COPY_PHASE_STRIP = NO;
				DEBUG_INFORMATION_FORMAT = dwarf;
				ENABLE_STRICT_OBJC_MSGSEND = YES;
				ENABLE_TESTABILITY = YES;
				GCC_C_LANGUAGE_STANDARD = gnu11;
				GCC_DYNAMIC_NO_PIC = NO;
				GCC_NO_COMMON_BLOCKS = YES;
				GCC_OPTIMIZATION_LEVEL = 0;
				GCC_PREPROCESSOR_DEFINITIONS = (
					"DEBUG=1",
					"$(inherited)",
				);
				GCC_WARN_64_TO_32_BIT_CONVERSION = YES;
				GCC_WARN_ABOUT_RETURN_TYPE = YES_ERROR;
				GCC_WARN_UNDECLARED_SELECTOR = YES;
				GCC_WARN_UNINITIALIZED_AUTOS = YES_AGGRESSIVE;
				GCC_WARN_UNUSED_FUNCTION = YES;
				GCC_WARN_UNUSED_VARIABLE = YES;
				IPHONEOS_DEPLOYMENT_TARGET = 11.0;
				MTL_ENABLE_DEBUG_INFO = YES;
				ONLY_ACTIVE_ARCH = YES;
				SDKROOT = iphoneos;
				SWIFT_ACTIVE_COMPILATION_CONDITIONS = DEBUG;
				SWIFT_OPTIMIZATION_LEVEL = "-Onone";
			};
			name = Debug;
		};
		56F5F2FC1F8F51F2004D3E62 /* Release */ = {
			isa = XCBuildConfiguration;
			buildSettings = {
				ALWAYS_SEARCH_USER_PATHS = NO;
				CLANG_ANALYZER_NONNULL = YES;
				CLANG_ANALYZER_NUMBER_OBJECT_CONVERSION = YES_AGGRESSIVE;
				CLANG_CXX_LANGUAGE_STANDARD = "gnu++14";
				CLANG_CXX_LIBRARY = "libc++";
				CLANG_ENABLE_MODULES = YES;
				CLANG_ENABLE_OBJC_ARC = YES;
				CLANG_WARN_BLOCK_CAPTURE_AUTORELEASING = YES;
				CLANG_WARN_BOOL_CONVERSION = YES;
				CLANG_WARN_COMMA = YES;
				CLANG_WARN_CONSTANT_CONVERSION = YES;
				CLANG_WARN_DIRECT_OBJC_ISA_USAGE = YES_ERROR;
				CLANG_WARN_DOCUMENTATION_COMMENTS = YES;
				CLANG_WARN_EMPTY_BODY = YES;
				CLANG_WARN_ENUM_CONVERSION = YES;
				CLANG_WARN_INFINITE_RECURSION = YES;
				CLANG_WARN_INT_CONVERSION = YES;
				CLANG_WARN_NON_LITERAL_NULL_CONVERSION = YES;
				CLANG_WARN_OBJC_LITERAL_CONVERSION = YES;
				CLANG_WARN_OBJC_ROOT_CLASS = YES_ERROR;
				CLANG_WARN_RANGE_LOOP_ANALYSIS = YES;
				CLANG_WARN_STRICT_PROTOTYPES = YES;
				CLANG_WARN_SUSPICIOUS_MOVE = YES;
				CLANG_WARN_UNGUARDED_AVAILABILITY = YES_AGGRESSIVE;
				CLANG_WARN_UNREACHABLE_CODE = YES;
				CLANG_WARN__DUPLICATE_METHOD_MATCH = YES;
				CODE_SIGN_IDENTITY = "iPhone Developer";
				COPY_PHASE_STRIP = NO;
				DEBUG_INFORMATION_FORMAT = "dwarf-with-dsym";
				ENABLE_NS_ASSERTIONS = NO;
				ENABLE_STRICT_OBJC_MSGSEND = YES;
				GCC_C_LANGUAGE_STANDARD = gnu11;
				GCC_NO_COMMON_BLOCKS = YES;
				GCC_WARN_64_TO_32_BIT_CONVERSION = YES;
				GCC_WARN_ABOUT_RETURN_TYPE = YES_ERROR;
				GCC_WARN_UNDECLARED_SELECTOR = YES;
				GCC_WARN_UNINITIALIZED_AUTOS = YES_AGGRESSIVE;
				GCC_WARN_UNUSED_FUNCTION = YES;
				GCC_WARN_UNUSED_VARIABLE = YES;
				IPHONEOS_DEPLOYMENT_TARGET = 11.0;
				MTL_ENABLE_DEBUG_INFO = NO;
				SDKROOT = iphoneos;
				SWIFT_OPTIMIZATION_LEVEL = "-Owholemodule";
				VALIDATE_PRODUCT = YES;
			};
			name = Release;
		};
		56F5F2FE1F8F51F2004D3E62 /* Debug */ = {
			isa = XCBuildConfiguration;
			baseConfigurationReference = D4AC3462DE1B9DD75DCFB781 /* Pods-NeighBird.debug.xcconfig */;
			buildSettings = {
				ASSETCATALOG_COMPILER_APPICON_NAME = AppIcon;
				CODE_SIGN_STYLE = Automatic;
				DEVELOPMENT_TEAM = P638SC33TR;
				INFOPLIST_FILE = NeighBird/Info.plist;
				LD_RUNPATH_SEARCH_PATHS = "$(inherited) @executable_path/Frameworks";
				PRODUCT_BUNDLE_IDENTIFIER = com.saranordberg.NeighBird;
				PRODUCT_NAME = "$(TARGET_NAME)";
				SWIFT_VERSION = 4.0;
				TARGETED_DEVICE_FAMILY = "1,2";
			};
			name = Debug;
		};
		56F5F2FF1F8F51F2004D3E62 /* Release */ = {
			isa = XCBuildConfiguration;
			baseConfigurationReference = 9367FAA3DC1FDFF858FBC794 /* Pods-NeighBird.release.xcconfig */;
			buildSettings = {
				ASSETCATALOG_COMPILER_APPICON_NAME = AppIcon;
				CODE_SIGN_STYLE = Automatic;
				DEVELOPMENT_TEAM = P638SC33TR;
				INFOPLIST_FILE = NeighBird/Info.plist;
				LD_RUNPATH_SEARCH_PATHS = "$(inherited) @executable_path/Frameworks";
				PRODUCT_BUNDLE_IDENTIFIER = com.saranordberg.NeighBird;
				PRODUCT_NAME = "$(TARGET_NAME)";
				SWIFT_VERSION = 4.0;
				TARGETED_DEVICE_FAMILY = "1,2";
			};
			name = Release;
		};
		56F5F3011F8F51F2004D3E62 /* Debug */ = {
			isa = XCBuildConfiguration;
			baseConfigurationReference = 4FB611A700720D00CF0F57E9 /* Pods-NeighBirdTests.debug.xcconfig */;
			buildSettings = {
				ALWAYS_EMBED_SWIFT_STANDARD_LIBRARIES = YES;
				BUNDLE_LOADER = "$(TEST_HOST)";
				CODE_SIGN_STYLE = Automatic;
				INFOPLIST_FILE = NeighBirdTests/Info.plist;
				LD_RUNPATH_SEARCH_PATHS = "$(inherited) @executable_path/Frameworks @loader_path/Frameworks";
				PRODUCT_BUNDLE_IDENTIFIER = com.saranordberg.NeighBirdTests;
				PRODUCT_NAME = "$(TARGET_NAME)";
				SWIFT_VERSION = 4.0;
				TARGETED_DEVICE_FAMILY = "1,2";
				TEST_HOST = "$(BUILT_PRODUCTS_DIR)/NeighBird.app/NeighBird";
			};
			name = Debug;
		};
		56F5F3021F8F51F2004D3E62 /* Release */ = {
			isa = XCBuildConfiguration;
			baseConfigurationReference = 34C116EB062585FFAD4D4CCC /* Pods-NeighBirdTests.release.xcconfig */;
			buildSettings = {
				ALWAYS_EMBED_SWIFT_STANDARD_LIBRARIES = YES;
				BUNDLE_LOADER = "$(TEST_HOST)";
				CODE_SIGN_STYLE = Automatic;
				INFOPLIST_FILE = NeighBirdTests/Info.plist;
				LD_RUNPATH_SEARCH_PATHS = "$(inherited) @executable_path/Frameworks @loader_path/Frameworks";
				PRODUCT_BUNDLE_IDENTIFIER = com.saranordberg.NeighBirdTests;
				PRODUCT_NAME = "$(TARGET_NAME)";
				SWIFT_VERSION = 4.0;
				TARGETED_DEVICE_FAMILY = "1,2";
				TEST_HOST = "$(BUILT_PRODUCTS_DIR)/NeighBird.app/NeighBird";
			};
			name = Release;
		};
		56F5F3041F8F51F2004D3E62 /* Debug */ = {
			isa = XCBuildConfiguration;
			baseConfigurationReference = 734682AAC77411D13FC7124C /* Pods-NeighBirdUITests.debug.xcconfig */;
			buildSettings = {
				ALWAYS_EMBED_SWIFT_STANDARD_LIBRARIES = YES;
				CODE_SIGN_STYLE = Automatic;
				INFOPLIST_FILE = NeighBirdUITests/Info.plist;
				LD_RUNPATH_SEARCH_PATHS = "$(inherited) @executable_path/Frameworks @loader_path/Frameworks";
				PRODUCT_BUNDLE_IDENTIFIER = com.saranordberg.NeighBirdUITests;
				PRODUCT_NAME = "$(TARGET_NAME)";
				SWIFT_VERSION = 4.0;
				TARGETED_DEVICE_FAMILY = "1,2";
				TEST_TARGET_NAME = NeighBird;
			};
			name = Debug;
		};
		56F5F3051F8F51F2004D3E62 /* Release */ = {
			isa = XCBuildConfiguration;
			baseConfigurationReference = 32D2684AD6D97ABC92182600 /* Pods-NeighBirdUITests.release.xcconfig */;
			buildSettings = {
				ALWAYS_EMBED_SWIFT_STANDARD_LIBRARIES = YES;
				CODE_SIGN_STYLE = Automatic;
				INFOPLIST_FILE = NeighBirdUITests/Info.plist;
				LD_RUNPATH_SEARCH_PATHS = "$(inherited) @executable_path/Frameworks @loader_path/Frameworks";
				PRODUCT_BUNDLE_IDENTIFIER = com.saranordberg.NeighBirdUITests;
				PRODUCT_NAME = "$(TARGET_NAME)";
				SWIFT_VERSION = 4.0;
				TARGETED_DEVICE_FAMILY = "1,2";
				TEST_TARGET_NAME = NeighBird;
			};
			name = Release;
		};
/* End XCBuildConfiguration section */

/* Begin XCConfigurationList section */
		56F5F2D01F8F51F2004D3E62 /* Build configuration list for PBXProject "NeighBird" */ = {
			isa = XCConfigurationList;
			buildConfigurations = (
				56F5F2FB1F8F51F2004D3E62 /* Debug */,
				56F5F2FC1F8F51F2004D3E62 /* Release */,
			);
			defaultConfigurationIsVisible = 0;
			defaultConfigurationName = Release;
		};
		56F5F2FD1F8F51F2004D3E62 /* Build configuration list for PBXNativeTarget "NeighBird" */ = {
			isa = XCConfigurationList;
			buildConfigurations = (
				56F5F2FE1F8F51F2004D3E62 /* Debug */,
				56F5F2FF1F8F51F2004D3E62 /* Release */,
			);
			defaultConfigurationIsVisible = 0;
			defaultConfigurationName = Release;
		};
		56F5F3001F8F51F2004D3E62 /* Build configuration list for PBXNativeTarget "NeighBirdTests" */ = {
			isa = XCConfigurationList;
			buildConfigurations = (
				56F5F3011F8F51F2004D3E62 /* Debug */,
				56F5F3021F8F51F2004D3E62 /* Release */,
			);
			defaultConfigurationIsVisible = 0;
			defaultConfigurationName = Release;
		};
		56F5F3031F8F51F2004D3E62 /* Build configuration list for PBXNativeTarget "NeighBirdUITests" */ = {
			isa = XCConfigurationList;
			buildConfigurations = (
				56F5F3041F8F51F2004D3E62 /* Debug */,
				56F5F3051F8F51F2004D3E62 /* Release */,
			);
			defaultConfigurationIsVisible = 0;
			defaultConfigurationName = Release;
		};
/* End XCConfigurationList section */
	};
	rootObject = 56F5F2CD1F8F51F2004D3E62 /* Project object */;
}
